<?xml version="1.0" encoding="UTF-8" standalone="yes" ?>
<CodeBlocks_project_file>
	<FileVersion major="1" minor="6" />
	<Project>
		<Option title="torus" />
		<Option pch_mode="2" />
		<Option compiler="gnu_gcc_compiler_x64" />
		<Build>
			<Target title="Release">
				<Option output="../bin/torus" prefix_auto="1" extension_auto="1" />
				<Option working_dir="../bin" />
				<Option object_output="objs/" />
				<Option type="1" />
				<Option compiler="gnu_gcc_compiler_x64" />
				<Option use_console_runner="0" />
				<Compiler>
					<Add option="-O2" />
				</Compiler>
				<Linker>
					<Add option="-s" />
				</Linker>
			</Target>
		</Build>
		<Compiler>
			<Add option="-Wall" />
			<Add option="-m64" />
			<Add option="-DFREEGLUT_STATIC" />
			<Add directory="./freeglut/include" />
		</Compiler>
		<Linker>
			<Add option="-static-libstdc++" />
			<Add option="-static-libgcc" />
			<Add option="-m64" />
			<Add library="freeglut_static" />
			<Add library="opengl32" />
			<Add library="glu32" />
			<Add library="winmm" />
			<Add library="gdi32" />
			<Add directory="./freeglut/lib" />
			<Add directory="./freeglut/lib/x64" />
		</Linker>
		<Unit filename="Png.cpp" />
		<Unit filename="Png.h" />
		<Unit filename="Torus.cpp" />
		<Unit filename="Torus.h" />
		<Unit filename="lodepng.cpp" />
		<Unit filename="lodepng.h" />
		<Unit filename="main.cpp" />
		<Extensions />
	</Project>
</CodeBlocks_project_file>
